
Microsoft Visual Studio Solution File, Format Version 12.00
# Visual Studio Version 16
VisualStudioVersion = 16.0.29613.14
MinimumVisualStudioVersion = 10.0.40219.1
Project("{FAE04EC0-301F-11D3-BF4B-00C04F79EFBC}") = "SuffixAutomaton", "SuffixAutomaton.csproj", "{B3DC3D78-00A5-49BE-889F-9B0F9F2A182F}"
EndProject
Project("{9A19103F-16F7-4668-BE54-9A1E7A4F7556}") = "MyLibrary", "..\MyLibrary\MyLibrary.csproj", "{4C2EFF73-9C2C-456E-88B4-1B149EA7341D}"
EndProject
Global
	GlobalSection(SolutionConfigurationPlatforms) = preSolution
		Debug|Any CPU = Debug|Any CPU
		Release|Any CPU = Release|Any CPU
	EndGlobalSection
	GlobalSection(ProjectConfigurationPlatforms) = postSolution
		{B3DC3D78-00A5-49BE-889F-9B0F9F2A182F}.Debug|Any CPU.ActiveCfg = Debug|Any CPU
		{B3DC3D78-00A5-49BE-889F-9B0F9F2A182F}.Debug|Any CPU.Build.0 = Debug|Any CPU
		{B3DC3D78-00A5-49BE-889F-9B0F9F2A182F}.Release|Any CPU.ActiveCfg = Release|Any CPU
		{B3DC3D78-00A5-49BE-889F-9B0F9F2A182F}.Release|Any CPU.Build.0 = Release|Any CPU
		{4C2EFF73-9C2C-456E-88B4-1B149EA7341D}.Debug|Any CPU.ActiveCfg = Debug|Any CPU
		{4C2EFF73-9C2C-456E-88B4-1B149EA7341D}.Debug|Any CPU.Build.0 = Debug|Any CPU
		{4C2EFF73-9C2C-456E-88B4-1B149EA7341D}.Release|Any CPU.ActiveCfg = Release|Any CPU
		{4C2EFF73-9C2C-456E-88B4-1B149EA7341D}.Release|Any CPU.Build.0 = Release|Any CPU
	EndGlobalSection
	GlobalSection(SolutionProperties) = preSolution
		HideSolutionNode = FALSE
	EndGlobalSection
	GlobalSection(ExtensibilityGlobals) = postSolution
		SolutionGuid = {E0413140-A949-4668-A04E-3360E16597A5}
	EndGlobalSection
EndGlobal
